
Microsoft Visual Studio Solution File, Format Version 12.00
# Visual Studio Version 16
VisualStudioVersion = 16.0.30621.155
MinimumVisualStudioVersion = 10.0.40219.1
Project("{FAE04EC0-301F-11D3-BF4B-00C04F79EFBC}") = "FabricaDelicias.Models", "FabricaDelicias.Models\FabricaDelicias.Models.csproj", "{5741163A-6549-4711-9C8D-E9AB175C6D51}"
EndProject
Project("{FAE04EC0-301F-11D3-BF4B-00C04F79EFBC}") = "FabricaDelicias.DAL", "FabricaDelicias.DAL\FabricaDelicias.DAL.csproj", "{F8A47A8E-03AF-489B-A229-217CB3C1CC37}"
EndProject
Project("{FAE04EC0-301F-11D3-BF4B-00C04F79EFBC}") = "FabricaDelicias.BLL", "FabricaDelicias.BLL\FabricaDelicias.BLL.csproj", "{049A335F-6DF1-46C5-A799-E60A3F223E75}"
EndProject
Global
	GlobalSection(SolutionConfigurationPlatforms) = preSolution
		Debug|Any CPU = Debug|Any CPU
		Release|Any CPU = Release|Any CPU
	EndGlobalSection
	GlobalSection(ProjectConfigurationPlatforms) = postSolution
		{5741163A-6549-4711-9C8D-E9AB175C6D51}.Debug|Any CPU.ActiveCfg = Debug|Any CPU
		{5741163A-6549-4711-9C8D-E9AB175C6D51}.Debug|Any CPU.Build.0 = Debug|Any CPU
		{5741163A-6549-4711-9C8D-E9AB175C6D51}.Release|Any CPU.ActiveCfg = Release|Any CPU
		{5741163A-6549-4711-9C8D-E9AB175C6D51}.Release|Any CPU.Build.0 = Release|Any CPU
		{F8A47A8E-03AF-489B-A229-217CB3C1CC37}.Debug|Any CPU.ActiveCfg = Debug|Any CPU
		{F8A47A8E-03AF-489B-A229-217CB3C1CC37}.Debug|Any CPU.Build.0 = Debug|Any CPU
		{F8A47A8E-03AF-489B-A229-217CB3C1CC37}.Release|Any CPU.ActiveCfg = Release|Any CPU
		{F8A47A8E-03AF-489B-A229-217CB3C1CC37}.Release|Any CPU.Build.0 = Release|Any CPU
		{049A335F-6DF1-46C5-A799-E60A3F223E75}.Debug|Any CPU.ActiveCfg = Debug|Any CPU
		{049A335F-6DF1-46C5-A799-E60A3F223E75}.Debug|Any CPU.Build.0 = Debug|Any CPU
		{049A335F-6DF1-46C5-A799-E60A3F223E75}.Release|Any CPU.ActiveCfg = Release|Any CPU
		{049A335F-6DF1-46C5-A799-E60A3F223E75}.Release|Any CPU.Build.0 = Release|Any CPU
	EndGlobalSection
	GlobalSection(SolutionProperties) = preSolution
		HideSolutionNode = FALSE
	EndGlobalSection
	GlobalSection(ExtensibilityGlobals) = postSolution
		SolutionGuid = {BF36B218-8AD0-4BD5-95B3-93F0375D434F}
	EndGlobalSection
EndGlobal
